PODS:
  - AFNetworking (4.0.1):
    - AFNetworking/NSURLSession (= 4.0.1)
    - AFNetworking/Reachability (= 4.0.1)
    - AFNetworking/Security (= 4.0.1)
    - AFNetworking/Serialization (= 4.0.1)
    - AFNetworking/UIKit (= 4.0.1)
  - AFNetworking/NSURLSession (4.0.1):
    - AFNetworking/Reachability
    - AFNetworking/Security
    - AFNetworking/Serialization
  - AFNetworking/Reachability (4.0.1)
  - AFNetworking/Security (4.0.1)
  - AFNetworking/Serialization (4.0.1)
  - AFNetworking/UIKit (4.0.1):
    - AFNetworking/NSURLSession
  - AlitaNativeLib (0.0.1-alpha.3):
    - AFNetworking (~> 4.0)
    - LBXScan/LBXNative (~> 2.5)
    - LBXScan/UI (~> 2.5)
    - SSZipArchive (~> 2.2)
    - TZImagePickerController (~> 3.4)
  - LBXScan/LBXNative (2.5.1):
    - LBXScan/Types (~> 2.2)
  - LBXScan/Types (2.5.1)
  - LBXScan/UI (2.5.1):
    - LBXScan/Types (~> 2.2)
  - SSZipArchive (2.2.3)
  - TZImagePickerController (3.4.8)

DEPENDENCIES:
  - AlitaNativeLib (from `https://github.com/WhaleCloudCamp/micro-app-ios-framework.git`)

SPEC REPOS:
  trunk:
    - AFNetworking
    - LBXScan
    - SSZipArchive
    - TZImagePickerController

EXTERNAL SOURCES:
  AlitaNativeLib:
    :git: https://github.com/WhaleCloudCamp/micro-app-ios-framework.git

CHECKOUT OPTIONS:
  AlitaNativeLib:
    :commit: 73b0a23c300a652b4a01558ba2434d0723d6aba2
    :git: https://github.com/WhaleCloudCamp/micro-app-ios-framework.git

SPEC CHECKSUMS:
  AFNetworking: 7864c38297c79aaca1500c33288e429c3451fdce
  AlitaNativeLib: 7106d1987488ab64e71549d0cc420d29ac7229c8
  LBXScan: 90ca10d0c38fb4a5a6980d7782354f3f69f50093
  SSZipArchive: 62d4947b08730e4cda640473b0066d209ff033c9
  TZImagePickerController: 6685e6d81b8fd5453e80ba369dd4ebd6e97276ee

PODFILE CHECKSUM: 13739b74231ded6f219e95c13426d8cfbb5cee99

COCOAPODS: 1.9.3
